
Microsoft Visual Studio Solution File, Format Version 12.00
# Visual Studio 2012
Project("{8BC9CEB8-8B4A-11D0-8D11-00A0C91BC942}") = "İskambil_Kagidi", "İskambil_Kagidi\İskambil_Kagidi.vcxproj", "{BA4A0F82-C988-44FD-8E24-551A44D4A8E1}"
EndProject
Global
	GlobalSection(SolutionConfigurationPlatforms) = preSolution
		Debug|Win32 = Debug|Win32
		Release|Win32 = Release|Win32
	EndGlobalSection
	GlobalSection(ProjectConfigurationPlatforms) = postSolution
		{BA4A0F82-C988-44FD-8E24-551A44D4A8E1}.Debug|Win32.ActiveCfg = Debug|Win32
		{BA4A0F82-C988-44FD-8E24-551A44D4A8E1}.Debug|Win32.Build.0 = Debug|Win32
		{BA4A0F82-C988-44FD-8E24-551A44D4A8E1}.Release|Win32.ActiveCfg = Release|Win32
		{BA4A0F82-C988-44FD-8E24-551A44D4A8E1}.Release|Win32.Build.0 = Release|Win32
	EndGlobalSection
	GlobalSection(SolutionProperties) = preSolution
		HideSolutionNode = FALSE
	EndGlobalSection
EndGlobal
