
Microsoft Visual Studio Solution File, Format Version 12.00
# Visual Studio 2012
Project("{FAE04EC0-301F-11D3-BF4B-00C04F79EFBC}") = "Forms_Cumle_Tekrar", "Forms_Cumle_Tekrar\Forms_Cumle_Tekrar.csproj", "{753A7A40-558C-4774-8CAF-179F53777E39}"
EndProject
Global
	GlobalSection(SolutionConfigurationPlatforms) = preSolution
		Debug|Any CPU = Debug|Any CPU
		Release|Any CPU = Release|Any CPU
	EndGlobalSection
	GlobalSection(ProjectConfigurationPlatforms) = postSolution
		{753A7A40-558C-4774-8CAF-179F53777E39}.Debug|Any CPU.ActiveCfg = Debug|Any CPU
		{753A7A40-558C-4774-8CAF-179F53777E39}.Debug|Any CPU.Build.0 = Debug|Any CPU
		{753A7A40-558C-4774-8CAF-179F53777E39}.Release|Any CPU.ActiveCfg = Release|Any CPU
		{753A7A40-558C-4774-8CAF-179F53777E39}.Release|Any CPU.Build.0 = Release|Any CPU
	EndGlobalSection
	GlobalSection(SolutionProperties) = preSolution
		HideSolutionNode = FALSE
	EndGlobalSection
EndGlobal
